// !$*UTF8*$!
{
	archiveVersion = 1;
	classes = {
	};
	objectVersion = 50;
	objects = {

/* Begin PBXBuildFile section */
		197F8D77217D55E0003234B9 /* AppDelegate.m in Sources */ = {isa = PBXBuildFile; fileRef = 197F8D76217D55E0003234B9 /* AppDelegate.m */; };
		197F8D7A217D55E0003234B9 /* ViewController.m in Sources */ = {isa = PBXBuildFile; fileRef = 197F8D79217D55E0003234B9 /* ViewController.m */; };
		197F8D7D217D55E0003234B9 /* Main.storyboard in Resources */ = {isa = PBXBuildFile; fileRef = 197F8D7B217D55E0003234B9 /* Main.storyboard */; };
		197F8D7F217D55E2003234B9 /* Assets.xcassets in Resources */ = {isa = PBXBuildFile; fileRef = 197F8D7E217D55E2003234B9 /* Assets.xcassets */; };
		197F8D82217D55E2003234B9 /* LaunchScreen.storyboard in Resources */ = {isa = PBXBuildFile; fileRef = 197F8D80217D55E2003234B9 /* LaunchScreen.storyboard */; };
		197F8D85217D55E2003234B9 /* main.m in Sources */ = {isa = PBXBuildFile; fileRef = 197F8D84217D55E2003234B9 /* main.m */; };
		197F8D8E217D56B8003234B9 /* GlTwoTextEditDistance.m in Sources */ = {isa = PBXBuildFile; fileRef = 197F8D8C217D56B8003234B9 /* GlTwoTextEditDistance.m */; };
		197F8D94217D5839003234B9 /* GlCompareTextModel.m in Sources */ = {isa = PBXBuildFile; fileRef = 197F8D92217D5839003234B9 /* GlCompareTextModel.m */; };
		197F8D95217D5839003234B9 /* GlCompareTwoText.m in Sources */ = {isa = PBXBuildFile; fileRef = 197F8D93217D5839003234B9 /* GlCompareTwoText.m */; };
/* End PBXBuildFile section */

/* Begin PBXFileReference section */
		197F8D72217D55E0003234B9 /* GlCompareString.app */ = {isa = PBXFileReference; explicitFileType = wrapper.application; includeInIndex = 0; path = GlCompareString.app; sourceTree = BUILT_PRODUCTS_DIR; };
		197F8D75217D55E0003234B9 /* AppDelegate.h */ = {isa = PBXFileReference; lastKnownFileType = sourcecode.c.h; path = AppDelegate.h; sourceTree = "<group>"; };
		197F8D76217D55E0003234B9 /* AppDelegate.m */ = {isa = PBXFileReference; lastKnownFileType = sourcecode.c.objc; path = AppDelegate.m; sourceTree = "<group>"; };
		197F8D78217D55E0003234B9 /* ViewController.h */ = {isa = PBXFileReference; lastKnownFileType = sourcecode.c.h; path = ViewController.h; sourceTree = "<group>"; };
		197F8D79217D55E0003234B9 /* ViewController.m */ = {isa = PBXFileReference; lastKnownFileType = sourcecode.c.objc; path = ViewController.m; sourceTree = "<group>"; };
		197F8D7C217D55E0003234B9 /* Base */ = {isa = PBXFileReference; lastKnownFileType = file.storyboard; name = Base; path = Base.lproj/Main.storyboard; sourceTree = "<group>"; };
		197F8D7E217D55E2003234B9 /* Assets.xcassets */ = {isa = PBXFileReference; lastKnownFileType = folder.assetcatalog; path = Assets.xcassets; sourceTree = "<group>"; };
		197F8D81217D55E2003234B9 /* Base */ = {isa = PBXFileReference; lastKnownFileType = file.storyboard; name = Base; path = Base.lproj/LaunchScreen.storyboard; sourceTree = "<group>"; };
		197F8D83217D55E2003234B9 /* Info.plist */ = {isa = PBXFileReference; lastKnownFileType = text.plist.xml; path = Info.plist; sourceTree = "<group>"; };
		197F8D84217D55E2003234B9 /* main.m */ = {isa = PBXFileReference; lastKnownFileType = sourcecode.c.objc; path = main.m; sourceTree = "<group>"; };
		197F8D8C217D56B8003234B9 /* GlTwoTextEditDistance.m */ = {isa = PBXFileReference; fileEncoding = 4; lastKnownFileType = sourcecode.c.objc; path = GlTwoTextEditDistance.m; sourceTree = "<group>"; };
		197F8D8D217D56B8003234B9 /* GlTwoTextEditDistance.h */ = {isa = PBXFileReference; fileEncoding = 4; lastKnownFileType = sourcecode.c.h; path = GlTwoTextEditDistance.h; sourceTree = "<group>"; };
		197F8D90217D5839003234B9 /* GlCompareTextModel.h */ = {isa = PBXFileReference; fileEncoding = 4; lastKnownFileType = sourcecode.c.h; path = GlCompareTextModel.h; sourceTree = "<group>"; };
		197F8D91217D5839003234B9 /* GlCompareTwoText.h */ = {isa = PBXFileReference; fileEncoding = 4; lastKnownFileType = sourcecode.c.h; path = GlCompareTwoText.h; sourceTree = "<group>"; };
		197F8D92217D5839003234B9 /* GlCompareTextModel.m */ = {isa = PBXFileReference; fileEncoding = 4; lastKnownFileType = sourcecode.c.objc; path = GlCompareTextModel.m; sourceTree = "<group>"; };
		197F8D93217D5839003234B9 /* GlCompareTwoText.m */ = {isa = PBXFileReference; fileEncoding = 4; lastKnownFileType = sourcecode.c.objc; path = GlCompareTwoText.m; sourceTree = "<group>"; };
/* End PBXFileReference section */

/* Begin PBXFrameworksBuildPhase section */
		197F8D6F217D55E0003234B9 /* Frameworks */ = {
			isa = PBXFrameworksBuildPhase;
			buildActionMask = 2147483647;
			files = (
			);
			runOnlyForDeploymentPostprocessing = 0;
		};
/* End PBXFrameworksBuildPhase section */

/* Begin PBXGroup section */
		197F8D69217D55E0003234B9 = {
			isa = PBXGroup;
			children = (
				197F8D74217D55E0003234B9 /* GlCompareString */,
				197F8D73217D55E0003234B9 /* Products */,
			);
			sourceTree = "<group>";
		};
		197F8D73217D55E0003234B9 /* Products */ = {
			isa = PBXGroup;
			children = (
				197F8D72217D55E0003234B9 /* GlCompareString.app */,
			);
			name = Products;
			sourceTree = "<group>";
		};
		197F8D74217D55E0003234B9 /* GlCompareString */ = {
			isa = PBXGroup;
			children = (
				197F8D8F217D57C4003234B9 /* RecursiveExhaustive */,
				197F8D8B217D55FD003234B9 /* GlTextEditDistance */,
				197F8D75217D55E0003234B9 /* AppDelegate.h */,
				197F8D76217D55E0003234B9 /* AppDelegate.m */,
				197F8D78217D55E0003234B9 /* ViewController.h */,
				197F8D79217D55E0003234B9 /* ViewController.m */,
				197F8D7B217D55E0003234B9 /* Main.storyboard */,
				197F8D7E217D55E2003234B9 /* Assets.xcassets */,
				197F8D80217D55E2003234B9 /* LaunchScreen.storyboard */,
				197F8D83217D55E2003234B9 /* Info.plist */,
				197F8D84217D55E2003234B9 /* main.m */,
			);
			path = GlCompareString;
			sourceTree = "<group>";
		};
		197F8D8B217D55FD003234B9 /* GlTextEditDistance */ = {
			isa = PBXGroup;
			children = (
				197F8D8D217D56B8003234B9 /* GlTwoTextEditDistance.h */,
				197F8D8C217D56B8003234B9 /* GlTwoTextEditDistance.m */,
			);
			path = GlTextEditDistance;
			sourceTree = "<group>";
		};
		197F8D8F217D57C4003234B9 /* RecursiveExhaustive */ = {
			isa = PBXGroup;
			children = (
				197F8D90217D5839003234B9 /* GlCompareTextModel.h */,
				197F8D92217D5839003234B9 /* GlCompareTextModel.m */,
				197F8D91217D5839003234B9 /* GlCompareTwoText.h */,
				197F8D93217D5839003234B9 /* GlCompareTwoText.m */,
			);
			path = RecursiveExhaustive;
			sourceTree = "<group>";
		};
/* End PBXGroup section */

/* Begin PBXNativeTarget section */
		197F8D71217D55E0003234B9 /* GlCompareString */ = {
			isa = PBXNativeTarget;
			buildConfigurationList = 197F8D88217D55E2003234B9 /* Build configuration list for PBXNativeTarget "GlCompareString" */;
			buildPhases = (
				197F8D6E217D55E0003234B9 /* Sources */,
				197F8D6F217D55E0003234B9 /* Frameworks */,
				197F8D70217D55E0003234B9 /* Resources */,
			);
			buildRules = (
			);
			dependencies = (
			);
			name = GlCompareString;
			productName = GlCompareString;
			productReference = 197F8D72217D55E0003234B9 /* GlCompareString.app */;
			productType = "com.apple.product-type.application";
		};
/* End PBXNativeTarget section */

/* Begin PBXProject section */
		197F8D6A217D55E0003234B9 /* Project object */ = {
			isa = PBXProject;
			attributes = {
				LastUpgradeCheck = 1000;
				ORGANIZATIONNAME = gleeeli;
				TargetAttributes = {
					197F8D71217D55E0003234B9 = {
						CreatedOnToolsVersion = 10.0;
					};
				};
			};
			buildConfigurationList = 197F8D6D217D55E0003234B9 /* Build configuration list for PBXProject "GlCompareString" */;
			compatibilityVersion = "Xcode 9.3";
			developmentRegion = en;
			hasScannedForEncodings = 0;
			knownRegions = (
				en,
				Base,
			);
			mainGroup = 197F8D69217D55E0003234B9;
			productRefGroup = 197F8D73217D55E0003234B9 /* Products */;
			projectDirPath = "";
			projectRoot = "";
			targets = (
				197F8D71217D55E0003234B9 /* GlCompareString */,
			);
		};
/* End PBXProject section */

/* Begin PBXResourcesBuildPhase section */
		197F8D70217D55E0003234B9 /* Resources */ = {
			isa = PBXResourcesBuildPhase;
			buildActionMask = 2147483647;
			files = (
				197F8D82217D55E2003234B9 /* LaunchScreen.storyboard in Resources */,
				197F8D7F217D55E2003234B9 /* Assets.xcassets in Resources */,
				197F8D7D217D55E0003234B9 /* Main.storyboard in Resources */,
			);
			runOnlyForDeploymentPostprocessing = 0;
		};
/* End PBXResourcesBuildPhase section */

/* Begin PBXSourcesBuildPhase section */
		197F8D6E217D55E0003234B9 /* Sources */ = {
			isa = PBXSourcesBuildPhase;
			buildActionMask = 2147483647;
			files = (
				197F8D94217D5839003234B9 /* GlCompareTextModel.m in Sources */,
				197F8D7A217D55E0003234B9 /* ViewController.m in Sources */,
				197F8D8E217D56B8003234B9 /* GlTwoTextEditDistance.m in Sources */,
				197F8D85217D55E2003234B9 /* main.m in Sources */,
				197F8D95217D5839003234B9 /* GlCompareTwoText.m in Sources */,
				197F8D77217D55E0003234B9 /* AppDelegate.m in Sources */,
			);
			runOnlyForDeploymentPostprocessing = 0;
		};
/* End PBXSourcesBuildPhase section */

/* Begin PBXVariantGroup section */
		197F8D7B217D55E0003234B9 /* Main.storyboard */ = {
			isa = PBXVariantGroup;
			children = (
				197F8D7C217D55E0003234B9 /* Base */,
			);
			name = Main.storyboard;
			sourceTree = "<group>";
		};
		197F8D80217D55E2003234B9 /* LaunchScreen.storyboard */ = {
			isa = PBXVariantGroup;
			children = (
				197F8D81217D55E2003234B9 /* Base */,
			);
			name = LaunchScreen.storyboard;
			sourceTree = "<group>";
		};
/* End PBXVariantGroup section */

/* Begin XCBuildConfiguration section */
		197F8D86217D55E2003234B9 /* Debug */ = {
			isa = XCBuildConfiguration;
			buildSettings = {
				ALWAYS_SEARCH_USER_PATHS = NO;
				CLANG_ANALYZER_NONNULL = YES;
				CLANG_ANALYZER_NUMBER_OBJECT_CONVERSION = YES_AGGRESSIVE;
				CLANG_CXX_LANGUAGE_STANDARD = "gnu++14";
				CLANG_CXX_LIBRARY = "libc++";
				CLANG_ENABLE_MODULES = YES;
				CLANG_ENABLE_OBJC_ARC = YES;
				CLANG_ENABLE_OBJC_WEAK = YES;
				CLANG_WARN_BLOCK_CAPTURE_AUTORELEASING = YES;
				CLANG_WARN_BOOL_CONVERSION = YES;
				CLANG_WARN_COMMA = YES;
				CLANG_WARN_CONSTANT_CONVERSION = YES;
				CLANG_WARN_DEPRECATED_OBJC_IMPLEMENTATIONS = YES;
				CLANG_WARN_DIRECT_OBJC_ISA_USAGE = YES_ERROR;
				CLANG_WARN_DOCUMENTATION_COMMENTS = YES;
				CLANG_WARN_EMPTY_BODY = YES;
				CLANG_WARN_ENUM_CONVERSION = YES;
				CLANG_WARN_INFINITE_RECURSION = YES;
				CLANG_WARN_INT_CONVERSION = YES;
				CLANG_WARN_NON_LITERAL_NULL_CONVERSION = YES;
				CLANG_WARN_OBJC_IMPLICIT_RETAIN_SELF = YES;
				CLANG_WARN_OBJC_LITERAL_CONVERSION = YES;
				CLANG_WARN_OBJC_ROOT_CLASS = YES_ERROR;
				CLANG_WARN_RANGE_LOOP_ANALYSIS = YES;
				CLANG_WARN_STRICT_PROTOTYPES = YES;
				CLANG_WARN_SUSPICIOUS_MOVE = YES;
				CLANG_WARN_UNGUARDED_AVAILABILITY = YES_AGGRESSIVE;
				CLANG_WARN_UNREACHABLE_CODE = YES;
				CLANG_WARN__DUPLICATE_METHOD_MATCH = YES;
				CODE_SIGN_IDENTITY = "iPhone Developer";
				COPY_PHASE_STRIP = NO;
				DEBUG_INFORMATION_FORMAT = dwarf;
				ENABLE_STRICT_OBJC_MSGSEND = YES;
				ENABLE_TESTABILITY = YES;
				GCC_C_LANGUAGE_STANDARD = gnu11;
				GCC_DYNAMIC_NO_PIC = NO;
				GCC_NO_COMMON_BLOCKS = YES;
				GCC_OPTIMIZATION_LEVEL = 0;
				GCC_PREPROCESSOR_DEFINITIONS = (
					"DEBUG=1",
					"$(inherited)",
				);
				GCC_WARN_64_TO_32_BIT_CONVERSION = YES;
				GCC_WARN_ABOUT_RETURN_TYPE = YES_ERROR;
				GCC_WARN_UNDECLARED_SELECTOR = YES;
				GCC_WARN_UNINITIALIZED_AUTOS = YES_AGGRESSIVE;
				GCC_WARN_UNUSED_FUNCTION = YES;
				GCC_WARN_UNUSED_VARIABLE = YES;
				IPHONEOS_DEPLOYMENT_TARGET = 12.0;
				MTL_ENABLE_DEBUG_INFO = INCLUDE_SOURCE;
				MTL_FAST_MATH = YES;
				ONLY_ACTIVE_ARCH = YES;
				SDKROOT = iphoneos;
			};
			name = Debug;
		};
		197F8D87217D55E2003234B9 /* Release */ = {
			isa = XCBuildConfiguration;
			buildSettings = {
				ALWAYS_SEARCH_USER_PATHS = NO;
				CLANG_ANALYZER_NONNULL = YES;
				CLANG_ANALYZER_NUMBER_OBJECT_CONVERSION = YES_AGGRESSIVE;
				CLANG_CXX_LANGUAGE_STANDARD = "gnu++14";
				CLANG_CXX_LIBRARY = "libc++";
				CLANG_ENABLE_MODULES = YES;
				CLANG_ENABLE_OBJC_ARC = YES;
				CLANG_ENABLE_OBJC_WEAK = YES;
				CLANG_WARN_BLOCK_CAPTURE_AUTORELEASING = YES;
				CLANG_WARN_BOOL_CONVERSION = YES;
				CLANG_WARN_COMMA = YES;
				CLANG_WARN_CONSTANT_CONVERSION = YES;
				CLANG_WARN_DEPRECATED_OBJC_IMPLEMENTATIONS = YES;
				CLANG_WARN_DIRECT_OBJC_ISA_USAGE = YES_ERROR;
				CLANG_WARN_DOCUMENTATION_COMMENTS = YES;
				CLANG_WARN_EMPTY_BODY = YES;
				CLANG_WARN_ENUM_CONVERSION = YES;
				CLANG_WARN_INFINITE_RECURSION = YES;
				CLANG_WARN_INT_CONVERSION = YES;
				CLANG_WARN_NON_LITERAL_NULL_CONVERSION = YES;
				CLANG_WARN_OBJC_IMPLICIT_RETAIN_SELF = YES;
				CLANG_WARN_OBJC_LITERAL_CONVERSION = YES;
				CLANG_WARN_OBJC_ROOT_CLASS = YES_ERROR;
				CLANG_WARN_RANGE_LOOP_ANALYSIS = YES;
				CLANG_WARN_STRICT_PROTOTYPES = YES;
				CLANG_WARN_SUSPICIOUS_MOVE = YES;
				CLANG_WARN_UNGUARDED_AVAILABILITY = YES_AGGRESSIVE;
				CLANG_WARN_UNREACHABLE_CODE = YES;
				CLANG_WARN__DUPLICATE_METHOD_MATCH = YES;
				CODE_SIGN_IDENTITY = "iPhone Developer";
				COPY_PHASE_STRIP = NO;
				DEBUG_INFORMATION_FORMAT = "dwarf-with-dsym";
				ENABLE_NS_ASSERTIONS = NO;
				ENABLE_STRICT_OBJC_MSGSEND = YES;
				GCC_C_LANGUAGE_STANDARD = gnu11;
				GCC_NO_COMMON_BLOCKS = YES;
				GCC_WARN_64_TO_32_BIT_CONVERSION = YES;
				GCC_WARN_ABOUT_RETURN_TYPE = YES_ERROR;
				GCC_WARN_UNDECLARED_SELECTOR = YES;
				GCC_WARN_UNINITIALIZED_AUTOS = YES_AGGRESSIVE;
				GCC_WARN_UNUSED_FUNCTION = YES;
				GCC_WARN_UNUSED_VARIABLE = YES;
				IPHONEOS_DEPLOYMENT_TARGET = 12.0;
				MTL_ENABLE_DEBUG_INFO = NO;
				MTL_FAST_MATH = YES;
				SDKROOT = iphoneos;
				VALIDATE_PRODUCT = YES;
			};
			name = Release;
		};
		197F8D89217D55E2003234B9 /* Debug */ = {
			isa = XCBuildConfiguration;
			buildSettings = {
				ASSETCATALOG_COMPILER_APPICON_NAME = AppIcon;
				CODE_SIGN_STYLE = Automatic;
				INFOPLIST_FILE = GlCompareString/Info.plist;
				IPHONEOS_DEPLOYMENT_TARGET = 10.0;
				LD_RUNPATH_SEARCH_PATHS = (
					"$(inherited)",
					"@executable_path/Frameworks",
				);
				PRODUCT_BUNDLE_IDENTIFIER = gleeeli.GlCompareString;
				PRODUCT_NAME = "$(TARGET_NAME)";
				TARGETED_DEVICE_FAMILY = "1,2";
			};
			name = Debug;
		};
		197F8D8A217D55E2003234B9 /* Release */ = {
			isa = XCBuildConfiguration;
			buildSettings = {
				ASSETCATALOG_COMPILER_APPICON_NAME = AppIcon;
				CODE_SIGN_STYLE = Automatic;
				INFOPLIST_FILE = GlCompareString/Info.plist;
				IPHONEOS_DEPLOYMENT_TARGET = 10.0;
				LD_RUNPATH_SEARCH_PATHS = (
					"$(inherited)",
					"@executable_path/Frameworks",
				);
				PRODUCT_BUNDLE_IDENTIFIER = gleeeli.GlCompareString;
				PRODUCT_NAME = "$(TARGET_NAME)";
				TARGETED_DEVICE_FAMILY = "1,2";
			};
			name = Release;
		};
/* End XCBuildConfiguration section */

/* Begin XCConfigurationList section */
		197F8D6D217D55E0003234B9 /* Build configuration list for PBXProject "GlCompareString" */ = {
			isa = XCConfigurationList;
			buildConfigurations = (
				197F8D86217D55E2003234B9 /* Debug */,
				197F8D87217D55E2003234B9 /* Release */,
			);
			defaultConfigurationIsVisible = 0;
			defaultConfigurationName = Release;
		};
		197F8D88217D55E2003234B9 /* Build configuration list for PBXNativeTarget "GlCompareString" */ = {
			isa = XCConfigurationList;
			buildConfigurations = (
				197F8D89217D55E2003234B9 /* Debug */,
				197F8D8A217D55E2003234B9 /* Release */,
			);
			defaultConfigurationIsVisible = 0;
			defaultConfigurationName = Release;
		};
/* End XCConfigurationList section */
	};
	rootObject = 197F8D6A217D55E0003234B9 /* Project object */;
}
